// !$*UTF8*$!
{
	archiveVersion = 1;
	classes = {
	};
	objectVersion = 50;
	objects = {

/* Begin PBXBuildFile section */
		E722310A25DAF65B00BF8E28 /* AppDelegate.swift in Sources */ = {isa = PBXBuildFile; fileRef = E722310925DAF65B00BF8E28 /* AppDelegate.swift */; };
		E722310C25DAF65B00BF8E28 /* SceneDelegate.swift in Sources */ = {isa = PBXBuildFile; fileRef = E722310B25DAF65B00BF8E28 /* SceneDelegate.swift */; };
		E722311125DAF65B00BF8E28 /* Main.storyboard in Resources */ = {isa = PBXBuildFile; fileRef = E722310F25DAF65B00BF8E28 /* Main.storyboard */; };
		E722311425DAF65B00BF8E28 /* AppEventos_SouthSystem.xcdatamodeld in Sources */ = {isa = PBXBuildFile; fileRef = E722311225DAF65B00BF8E28 /* AppEventos_SouthSystem.xcdatamodeld */; };
		E722311625DAF65D00BF8E28 /* Assets.xcassets in Resources */ = {isa = PBXBuildFile; fileRef = E722311525DAF65D00BF8E28 /* Assets.xcassets */; };
		E722311925DAF65D00BF8E28 /* LaunchScreen.storyboard in Resources */ = {isa = PBXBuildFile; fileRef = E722311725DAF65D00BF8E28 /* LaunchScreen.storyboard */; };
		E722312425DAF65D00BF8E28 /* AppEventos_SouthSystemTests.swift in Sources */ = {isa = PBXBuildFile; fileRef = E722312325DAF65D00BF8E28 /* AppEventos_SouthSystemTests.swift */; };
		E722312F25DAF65D00BF8E28 /* AppEventos_SouthSystemUITests.swift in Sources */ = {isa = PBXBuildFile; fileRef = E722312E25DAF65D00BF8E28 /* AppEventos_SouthSystemUITests.swift */; };
		E750EAB325DCBFCD00B99BAB /* EventNetwork.swift in Sources */ = {isa = PBXBuildFile; fileRef = E750EAB225DCBFCD00B99BAB /* EventNetwork.swift */; };
		E750EAC025DCC00800B99BAB /* Events.swift in Sources */ = {isa = PBXBuildFile; fileRef = E750EABF25DCC00800B99BAB /* Events.swift */; };
		E7FB54FA25DB35E0001144DD /* EventListVC.swift in Sources */ = {isa = PBXBuildFile; fileRef = E7FB54F925DB35E0001144DD /* EventListVC.swift */; };
		E7FB550425DB36FD001144DD /* EventListTableViewCell.swift in Sources */ = {isa = PBXBuildFile; fileRef = E7FB550225DB36FD001144DD /* EventListTableViewCell.swift */; };
		E7FB550525DB36FD001144DD /* EventListTableViewCell.xib in Resources */ = {isa = PBXBuildFile; fileRef = E7FB550325DB36FD001144DD /* EventListTableViewCell.xib */; };
		E7FB873325DB421E008B9F1C /* EventDetailsVC.swift in Sources */ = {isa = PBXBuildFile; fileRef = E7FB873225DB421E008B9F1C /* EventDetailsVC.swift */; };
		E7FD889025DCC503002E6EB3 /* EventListViewModel.swift in Sources */ = {isa = PBXBuildFile; fileRef = E7FD888F25DCC503002E6EB3 /* EventListViewModel.swift */; };
/* End PBXBuildFile section */

/* Begin PBXContainerItemProxy section */
		E722312025DAF65D00BF8E28 /* PBXContainerItemProxy */ = {
			isa = PBXContainerItemProxy;
			containerPortal = E72230FE25DAF65B00BF8E28 /* Project object */;
			proxyType = 1;
			remoteGlobalIDString = E722310525DAF65B00BF8E28;
			remoteInfo = "AppEventos-SouthSystem";
		};
		E722312B25DAF65D00BF8E28 /* PBXContainerItemProxy */ = {
			isa = PBXContainerItemProxy;
			containerPortal = E72230FE25DAF65B00BF8E28 /* Project object */;
			proxyType = 1;
			remoteGlobalIDString = E722310525DAF65B00BF8E28;
			remoteInfo = "AppEventos-SouthSystem";
		};
/* End PBXContainerItemProxy section */

/* Begin PBXFileReference section */
		E722310625DAF65B00BF8E28 /* AppEventos-SouthSystem.app */ = {isa = PBXFileReference; explicitFileType = wrapper.application; includeInIndex = 0; path = "AppEventos-SouthSystem.app"; sourceTree = BUILT_PRODUCTS_DIR; };
		E722310925DAF65B00BF8E28 /* AppDelegate.swift */ = {isa = PBXFileReference; lastKnownFileType = sourcecode.swift; path = AppDelegate.swift; sourceTree = "<group>"; };
		E722310B25DAF65B00BF8E28 /* SceneDelegate.swift */ = {isa = PBXFileReference; lastKnownFileType = sourcecode.swift; path = SceneDelegate.swift; sourceTree = "<group>"; };
		E722311025DAF65B00BF8E28 /* Base */ = {isa = PBXFileReference; lastKnownFileType = file.storyboard; name = Base; path = Base.lproj/Main.storyboard; sourceTree = "<group>"; };
		E722311325DAF65B00BF8E28 /* AppEventos_SouthSystem.xcdatamodel */ = {isa = PBXFileReference; lastKnownFileType = wrapper.xcdatamodel; path = AppEventos_SouthSystem.xcdatamodel; sourceTree = "<group>"; };
		E722311525DAF65D00BF8E28 /* Assets.xcassets */ = {isa = PBXFileReference; lastKnownFileType = folder.assetcatalog; path = Assets.xcassets; sourceTree = "<group>"; };
		E722311825DAF65D00BF8E28 /* Base */ = {isa = PBXFileReference; lastKnownFileType = file.storyboard; name = Base; path = Base.lproj/LaunchScreen.storyboard; sourceTree = "<group>"; };
		E722311A25DAF65D00BF8E28 /* Info.plist */ = {isa = PBXFileReference; lastKnownFileType = text.plist.xml; path = Info.plist; sourceTree = "<group>"; };
		E722311F25DAF65D00BF8E28 /* AppEventos-SouthSystemTests.xctest */ = {isa = PBXFileReference; explicitFileType = wrapper.cfbundle; includeInIndex = 0; path = "AppEventos-SouthSystemTests.xctest"; sourceTree = BUILT_PRODUCTS_DIR; };
		E722312325DAF65D00BF8E28 /* AppEventos_SouthSystemTests.swift */ = {isa = PBXFileReference; lastKnownFileType = sourcecode.swift; path = AppEventos_SouthSystemTests.swift; sourceTree = "<group>"; };
		E722312525DAF65D00BF8E28 /* Info.plist */ = {isa = PBXFileReference; lastKnownFileType = text.plist.xml; path = Info.plist; sourceTree = "<group>"; };
		E722312A25DAF65D00BF8E28 /* AppEventos-SouthSystemUITests.xctest */ = {isa = PBXFileReference; explicitFileType = wrapper.cfbundle; includeInIndex = 0; path = "AppEventos-SouthSystemUITests.xctest"; sourceTree = BUILT_PRODUCTS_DIR; };
		E722312E25DAF65D00BF8E28 /* AppEventos_SouthSystemUITests.swift */ = {isa = PBXFileReference; lastKnownFileType = sourcecode.swift; path = AppEventos_SouthSystemUITests.swift; sourceTree = "<group>"; };
		E722313025DAF65D00BF8E28 /* Info.plist */ = {isa = PBXFileReference; lastKnownFileType = text.plist.xml; path = Info.plist; sourceTree = "<group>"; };
		E750EAB225DCBFCD00B99BAB /* EventNetwork.swift */ = {isa = PBXFileReference; lastKnownFileType = sourcecode.swift; path = EventNetwork.swift; sourceTree = "<group>"; };
		E750EABF25DCC00800B99BAB /* Events.swift */ = {isa = PBXFileReference; lastKnownFileType = sourcecode.swift; path = Events.swift; sourceTree = "<group>"; };
		E7FB54F925DB35E0001144DD /* EventListVC.swift */ = {isa = PBXFileReference; lastKnownFileType = sourcecode.swift; path = EventListVC.swift; sourceTree = "<group>"; };
		E7FB550225DB36FD001144DD /* EventListTableViewCell.swift */ = {isa = PBXFileReference; lastKnownFileType = sourcecode.swift; path = EventListTableViewCell.swift; sourceTree = "<group>"; };
		E7FB550325DB36FD001144DD /* EventListTableViewCell.xib */ = {isa = PBXFileReference; lastKnownFileType = file.xib; path = EventListTableViewCell.xib; sourceTree = "<group>"; };
		E7FB873225DB421E008B9F1C /* EventDetailsVC.swift */ = {isa = PBXFileReference; lastKnownFileType = sourcecode.swift; path = EventDetailsVC.swift; sourceTree = "<group>"; };
		E7FD888F25DCC503002E6EB3 /* EventListViewModel.swift */ = {isa = PBXFileReference; lastKnownFileType = sourcecode.swift; path = EventListViewModel.swift; sourceTree = "<group>"; };
/* End PBXFileReference section */

/* Begin PBXFrameworksBuildPhase section */
		E722310325DAF65B00BF8E28 /* Frameworks */ = {
			isa = PBXFrameworksBuildPhase;
			buildActionMask = 2147483647;
			files = (
			);
			runOnlyForDeploymentPostprocessing = 0;
		};
		E722311C25DAF65D00BF8E28 /* Frameworks */ = {
			isa = PBXFrameworksBuildPhase;
			buildActionMask = 2147483647;
			files = (
			);
			runOnlyForDeploymentPostprocessing = 0;
		};
		E722312725DAF65D00BF8E28 /* Frameworks */ = {
			isa = PBXFrameworksBuildPhase;
			buildActionMask = 2147483647;
			files = (
			);
			runOnlyForDeploymentPostprocessing = 0;
		};
/* End PBXFrameworksBuildPhase section */

/* Begin PBXGroup section */
		E72230FD25DAF65B00BF8E28 = {
			isa = PBXGroup;
			children = (
				E722310825DAF65B00BF8E28 /* AppEventos-SouthSystem */,
				E722312225DAF65D00BF8E28 /* AppEventos-SouthSystemTests */,
				E722312D25DAF65D00BF8E28 /* AppEventos-SouthSystemUITests */,
				E722310725DAF65B00BF8E28 /* Products */,
			);
			sourceTree = "<group>";
		};
		E722310725DAF65B00BF8E28 /* Products */ = {
			isa = PBXGroup;
			children = (
				E722310625DAF65B00BF8E28 /* AppEventos-SouthSystem.app */,
				E722311F25DAF65D00BF8E28 /* AppEventos-SouthSystemTests.xctest */,
				E722312A25DAF65D00BF8E28 /* AppEventos-SouthSystemUITests.xctest */,
			);
			name = Products;
			sourceTree = "<group>";
		};
		E722310825DAF65B00BF8E28 /* AppEventos-SouthSystem */ = {
			isa = PBXGroup;
			children = (
				E750EABE25DCBFFD00B99BAB /* Model */,
				E750EAB125DCBFBD00B99BAB /* EventNetwork */,
				E7FB873125DB41FA008B9F1C /* EventDetails */,
				E7FB54F825DB35C7001144DD /* EventList */,
				E722310925DAF65B00BF8E28 /* AppDelegate.swift */,
				E722310B25DAF65B00BF8E28 /* SceneDelegate.swift */,
				E722310F25DAF65B00BF8E28 /* Main.storyboard */,
				E722311525DAF65D00BF8E28 /* Assets.xcassets */,
				E722311725DAF65D00BF8E28 /* LaunchScreen.storyboard */,
				E722311A25DAF65D00BF8E28 /* Info.plist */,
				E722311225DAF65B00BF8E28 /* AppEventos_SouthSystem.xcdatamodeld */,
			);
			path = "AppEventos-SouthSystem";
			sourceTree = "<group>";
		};
		E722312225DAF65D00BF8E28 /* AppEventos-SouthSystemTests */ = {
			isa = PBXGroup;
			children = (
				E722312325DAF65D00BF8E28 /* AppEventos_SouthSystemTests.swift */,
				E722312525DAF65D00BF8E28 /* Info.plist */,
			);
			path = "AppEventos-SouthSystemTests";
			sourceTree = "<group>";
		};
		E722312D25DAF65D00BF8E28 /* AppEventos-SouthSystemUITests */ = {
			isa = PBXGroup;
			children = (
				E722312E25DAF65D00BF8E28 /* AppEventos_SouthSystemUITests.swift */,
				E722313025DAF65D00BF8E28 /* Info.plist */,
			);
			path = "AppEventos-SouthSystemUITests";
			sourceTree = "<group>";
		};
		E750EAB125DCBFBD00B99BAB /* EventNetwork */ = {
			isa = PBXGroup;
			children = (
				E750EAB225DCBFCD00B99BAB /* EventNetwork.swift */,
			);
			path = EventNetwork;
			sourceTree = "<group>";
		};
		E750EABE25DCBFFD00B99BAB /* Model */ = {
			isa = PBXGroup;
			children = (
				E750EABF25DCC00800B99BAB /* Events.swift */,
			);
			path = Model;
			sourceTree = "<group>";
		};
		E7FB54F825DB35C7001144DD /* EventList */ = {
			isa = PBXGroup;
			children = (
				E7FB550125DB36D9001144DD /* Custom */,
				E7FB54F925DB35E0001144DD /* EventListVC.swift */,
				E7FD888F25DCC503002E6EB3 /* EventListViewModel.swift */,
			);
			path = EventList;
			sourceTree = "<group>";
		};
		E7FB550125DB36D9001144DD /* Custom */ = {
			isa = PBXGroup;
			children = (
				E7FB550225DB36FD001144DD /* EventListTableViewCell.swift */,
				E7FB550325DB36FD001144DD /* EventListTableViewCell.xib */,
			);
			path = Custom;
			sourceTree = "<group>";
		};
		E7FB873125DB41FA008B9F1C /* EventDetails */ = {
			isa = PBXGroup;
			children = (
				E7FB873225DB421E008B9F1C /* EventDetailsVC.swift */,
			);
			path = EventDetails;
			sourceTree = "<group>";
		};
/* End PBXGroup section */

/* Begin PBXNativeTarget section */
		E722310525DAF65B00BF8E28 /* AppEventos-SouthSystem */ = {
			isa = PBXNativeTarget;
			buildConfigurationList = E722313325DAF65D00BF8E28 /* Build configuration list for PBXNativeTarget "AppEventos-SouthSystem" */;
			buildPhases = (
				E722310225DAF65B00BF8E28 /* Sources */,
				E722310325DAF65B00BF8E28 /* Frameworks */,
				E722310425DAF65B00BF8E28 /* Resources */,
			);
			buildRules = (
			);
			dependencies = (
			);
			name = "AppEventos-SouthSystem";
			productName = "AppEventos-SouthSystem";
			productReference = E722310625DAF65B00BF8E28 /* AppEventos-SouthSystem.app */;
			productType = "com.apple.product-type.application";
		};
		E722311E25DAF65D00BF8E28 /* AppEventos-SouthSystemTests */ = {
			isa = PBXNativeTarget;
			buildConfigurationList = E722313625DAF65D00BF8E28 /* Build configuration list for PBXNativeTarget "AppEventos-SouthSystemTests" */;
			buildPhases = (
				E722311B25DAF65D00BF8E28 /* Sources */,
				E722311C25DAF65D00BF8E28 /* Frameworks */,
				E722311D25DAF65D00BF8E28 /* Resources */,
			);
			buildRules = (
			);
			dependencies = (
				E722312125DAF65D00BF8E28 /* PBXTargetDependency */,
			);
			name = "AppEventos-SouthSystemTests";
			productName = "AppEventos-SouthSystemTests";
			productReference = E722311F25DAF65D00BF8E28 /* AppEventos-SouthSystemTests.xctest */;
			productType = "com.apple.product-type.bundle.unit-test";
		};
		E722312925DAF65D00BF8E28 /* AppEventos-SouthSystemUITests */ = {
			isa = PBXNativeTarget;
			buildConfigurationList = E722313925DAF65D00BF8E28 /* Build configuration list for PBXNativeTarget "AppEventos-SouthSystemUITests" */;
			buildPhases = (
				E722312625DAF65D00BF8E28 /* Sources */,
				E722312725DAF65D00BF8E28 /* Frameworks */,
				E722312825DAF65D00BF8E28 /* Resources */,
			);
			buildRules = (
			);
			dependencies = (
				E722312C25DAF65D00BF8E28 /* PBXTargetDependency */,
			);
			name = "AppEventos-SouthSystemUITests";
			productName = "AppEventos-SouthSystemUITests";
			productReference = E722312A25DAF65D00BF8E28 /* AppEventos-SouthSystemUITests.xctest */;
			productType = "com.apple.product-type.bundle.ui-testing";
		};
/* End PBXNativeTarget section */

/* Begin PBXProject section */
		E72230FE25DAF65B00BF8E28 /* Project object */ = {
			isa = PBXProject;
			attributes = {
				LastSwiftUpdateCheck = 1230;
				LastUpgradeCheck = 1230;
				TargetAttributes = {
					E722310525DAF65B00BF8E28 = {
						CreatedOnToolsVersion = 12.3;
					};
					E722311E25DAF65D00BF8E28 = {
						CreatedOnToolsVersion = 12.3;
						TestTargetID = E722310525DAF65B00BF8E28;
					};
					E722312925DAF65D00BF8E28 = {
						CreatedOnToolsVersion = 12.3;
						TestTargetID = E722310525DAF65B00BF8E28;
					};
				};
			};
			buildConfigurationList = E722310125DAF65B00BF8E28 /* Build configuration list for PBXProject "AppEventos-SouthSystem" */;
			compatibilityVersion = "Xcode 9.3";
			developmentRegion = en;
			hasScannedForEncodings = 0;
			knownRegions = (
				en,
				Base,
			);
			mainGroup = E72230FD25DAF65B00BF8E28;
			productRefGroup = E722310725DAF65B00BF8E28 /* Products */;
			projectDirPath = "";
			projectRoot = "";
			targets = (
				E722310525DAF65B00BF8E28 /* AppEventos-SouthSystem */,
				E722311E25DAF65D00BF8E28 /* AppEventos-SouthSystemTests */,
				E722312925DAF65D00BF8E28 /* AppEventos-SouthSystemUITests */,
			);
		};
/* End PBXProject section */

/* Begin PBXResourcesBuildPhase section */
		E722310425DAF65B00BF8E28 /* Resources */ = {
			isa = PBXResourcesBuildPhase;
			buildActionMask = 2147483647;
			files = (
				E7FB550525DB36FD001144DD /* EventListTableViewCell.xib in Resources */,
				E722311925DAF65D00BF8E28 /* LaunchScreen.storyboard in Resources */,
				E722311625DAF65D00BF8E28 /* Assets.xcassets in Resources */,
				E722311125DAF65B00BF8E28 /* Main.storyboard in Resources */,
			);
			runOnlyForDeploymentPostprocessing = 0;
		};
		E722311D25DAF65D00BF8E28 /* Resources */ = {
			isa = PBXResourcesBuildPhase;
			buildActionMask = 2147483647;
			files = (
			);
			runOnlyForDeploymentPostprocessing = 0;
		};
		E722312825DAF65D00BF8E28 /* Resources */ = {
			isa = PBXResourcesBuildPhase;
			buildActionMask = 2147483647;
			files = (
			);
			runOnlyForDeploymentPostprocessing = 0;
		};
/* End PBXResourcesBuildPhase section */

/* Begin PBXSourcesBuildPhase section */
		E722310225DAF65B00BF8E28 /* Sources */ = {
			isa = PBXSourcesBuildPhase;
			buildActionMask = 2147483647;
			files = (
				E7FB550425DB36FD001144DD /* EventListTableViewCell.swift in Sources */,
				E722310A25DAF65B00BF8E28 /* AppDelegate.swift in Sources */,
				E722310C25DAF65B00BF8E28 /* SceneDelegate.swift in Sources */,
				E722311425DAF65B00BF8E28 /* AppEventos_SouthSystem.xcdatamodeld in Sources */,
				E750EAC025DCC00800B99BAB /* Events.swift in Sources */,
				E7FB873325DB421E008B9F1C /* EventDetailsVC.swift in Sources */,
				E7FD889025DCC503002E6EB3 /* EventListViewModel.swift in Sources */,
				E750EAB325DCBFCD00B99BAB /* EventNetwork.swift in Sources */,
				E7FB54FA25DB35E0001144DD /* EventListVC.swift in Sources */,
			);
			runOnlyForDeploymentPostprocessing = 0;
		};
		E722311B25DAF65D00BF8E28 /* Sources */ = {
			isa = PBXSourcesBuildPhase;
			buildActionMask = 2147483647;
			files = (
				E722312425DAF65D00BF8E28 /* AppEventos_SouthSystemTests.swift in Sources */,
			);
			runOnlyForDeploymentPostprocessing = 0;
		};
		E722312625DAF65D00BF8E28 /* Sources */ = {
			isa = PBXSourcesBuildPhase;
			buildActionMask = 2147483647;
			files = (
				E722312F25DAF65D00BF8E28 /* AppEventos_SouthSystemUITests.swift in Sources */,
			);
			runOnlyForDeploymentPostprocessing = 0;
		};
/* End PBXSourcesBuildPhase section */

/* Begin PBXTargetDependency section */
		E722312125DAF65D00BF8E28 /* PBXTargetDependency */ = {
			isa = PBXTargetDependency;
			target = E722310525DAF65B00BF8E28 /* AppEventos-SouthSystem */;
			targetProxy = E722312025DAF65D00BF8E28 /* PBXContainerItemProxy */;
		};
		E722312C25DAF65D00BF8E28 /* PBXTargetDependency */ = {
			isa = PBXTargetDependency;
			target = E722310525DAF65B00BF8E28 /* AppEventos-SouthSystem */;
			targetProxy = E722312B25DAF65D00BF8E28 /* PBXContainerItemProxy */;
		};
/* End PBXTargetDependency section */

/* Begin PBXVariantGroup section */
		E722310F25DAF65B00BF8E28 /* Main.storyboard */ = {
			isa = PBXVariantGroup;
			children = (
				E722311025DAF65B00BF8E28 /* Base */,
			);
			name = Main.storyboard;
			sourceTree = "<group>";
		};
		E722311725DAF65D00BF8E28 /* LaunchScreen.storyboard */ = {
			isa = PBXVariantGroup;
			children = (
				E722311825DAF65D00BF8E28 /* Base */,
			);
			name = LaunchScreen.storyboard;
			sourceTree = "<group>";
		};
/* End PBXVariantGroup section */

/* Begin XCBuildConfiguration section */
		E722313125DAF65D00BF8E28 /* Debug */ = {
			isa = XCBuildConfiguration;
			buildSettings = {
				ALWAYS_SEARCH_USER_PATHS = NO;
				CLANG_ANALYZER_NONNULL = YES;
				CLANG_ANALYZER_NUMBER_OBJECT_CONVERSION = YES_AGGRESSIVE;
				CLANG_CXX_LANGUAGE_STANDARD = "gnu++14";
				CLANG_CXX_LIBRARY = "libc++";
				CLANG_ENABLE_MODULES = YES;
				CLANG_ENABLE_OBJC_ARC = YES;
				CLANG_ENABLE_OBJC_WEAK = YES;
				CLANG_WARN_BLOCK_CAPTURE_AUTORELEASING = YES;
				CLANG_WARN_BOOL_CONVERSION = YES;
				CLANG_WARN_COMMA = YES;
				CLANG_WARN_CONSTANT_CONVERSION = YES;
				CLANG_WARN_DEPRECATED_OBJC_IMPLEMENTATIONS = YES;
				CLANG_WARN_DIRECT_OBJC_ISA_USAGE = YES_ERROR;
				CLANG_WARN_DOCUMENTATION_COMMENTS = YES;
				CLANG_WARN_EMPTY_BODY = YES;
				CLANG_WARN_ENUM_CONVERSION = YES;
				CLANG_WARN_INFINITE_RECURSION = YES;
				CLANG_WARN_INT_CONVERSION = YES;
				CLANG_WARN_NON_LITERAL_NULL_CONVERSION = YES;
				CLANG_WARN_OBJC_IMPLICIT_RETAIN_SELF = YES;
				CLANG_WARN_OBJC_LITERAL_CONVERSION = YES;
				CLANG_WARN_OBJC_ROOT_CLASS = YES_ERROR;
				CLANG_WARN_QUOTED_INCLUDE_IN_FRAMEWORK_HEADER = YES;
				CLANG_WARN_RANGE_LOOP_ANALYSIS = YES;
				CLANG_WARN_STRICT_PROTOTYPES = YES;
				CLANG_WARN_SUSPICIOUS_MOVE = YES;
				CLANG_WARN_UNGUARDED_AVAILABILITY = YES_AGGRESSIVE;
				CLANG_WARN_UNREACHABLE_CODE = YES;
				CLANG_WARN__DUPLICATE_METHOD_MATCH = YES;
				COPY_PHASE_STRIP = NO;
				DEBUG_INFORMATION_FORMAT = dwarf;
				ENABLE_STRICT_OBJC_MSGSEND = YES;
				ENABLE_TESTABILITY = YES;
				GCC_C_LANGUAGE_STANDARD = gnu11;
				GCC_DYNAMIC_NO_PIC = NO;
				GCC_NO_COMMON_BLOCKS = YES;
				GCC_OPTIMIZATION_LEVEL = 0;
				GCC_PREPROCESSOR_DEFINITIONS = (
					"DEBUG=1",
					"$(inherited)",
				);
				GCC_WARN_64_TO_32_BIT_CONVERSION = YES;
				GCC_WARN_ABOUT_RETURN_TYPE = YES_ERROR;
				GCC_WARN_UNDECLARED_SELECTOR = YES;
				GCC_WARN_UNINITIALIZED_AUTOS = YES_AGGRESSIVE;
				GCC_WARN_UNUSED_FUNCTION = YES;
				GCC_WARN_UNUSED_VARIABLE = YES;
				IPHONEOS_DEPLOYMENT_TARGET = 14.3;
				MTL_ENABLE_DEBUG_INFO = INCLUDE_SOURCE;
				MTL_FAST_MATH = YES;
				ONLY_ACTIVE_ARCH = YES;
				SDKROOT = iphoneos;
				SWIFT_ACTIVE_COMPILATION_CONDITIONS = DEBUG;
				SWIFT_OPTIMIZATION_LEVEL = "-Onone";
			};
			name = Debug;
		};
		E722313225DAF65D00BF8E28 /* Release */ = {
			isa = XCBuildConfiguration;
			buildSettings = {
				ALWAYS_SEARCH_USER_PATHS = NO;
				CLANG_ANALYZER_NONNULL = YES;
				CLANG_ANALYZER_NUMBER_OBJECT_CONVERSION = YES_AGGRESSIVE;
				CLANG_CXX_LANGUAGE_STANDARD = "gnu++14";
				CLANG_CXX_LIBRARY = "libc++";
				CLANG_ENABLE_MODULES = YES;
				CLANG_ENABLE_OBJC_ARC = YES;
				CLANG_ENABLE_OBJC_WEAK = YES;
				CLANG_WARN_BLOCK_CAPTURE_AUTORELEASING = YES;
				CLANG_WARN_BOOL_CONVERSION = YES;
				CLANG_WARN_COMMA = YES;
				CLANG_WARN_CONSTANT_CONVERSION = YES;
				CLANG_WARN_DEPRECATED_OBJC_IMPLEMENTATIONS = YES;
				CLANG_WARN_DIRECT_OBJC_ISA_USAGE = YES_ERROR;
				CLANG_WARN_DOCUMENTATION_COMMENTS = YES;
				CLANG_WARN_EMPTY_BODY = YES;
				CLANG_WARN_ENUM_CONVERSION = YES;
				CLANG_WARN_INFINITE_RECURSION = YES;
				CLANG_WARN_INT_CONVERSION = YES;
				CLANG_WARN_NON_LITERAL_NULL_CONVERSION = YES;
				CLANG_WARN_OBJC_IMPLICIT_RETAIN_SELF = YES;
				CLANG_WARN_OBJC_LITERAL_CONVERSION = YES;
				CLANG_WARN_OBJC_ROOT_CLASS = YES_ERROR;
				CLANG_WARN_QUOTED_INCLUDE_IN_FRAMEWORK_HEADER = YES;
				CLANG_WARN_RANGE_LOOP_ANALYSIS = YES;
				CLANG_WARN_STRICT_PROTOTYPES = YES;
				CLANG_WARN_SUSPICIOUS_MOVE = YES;
				CLANG_WARN_UNGUARDED_AVAILABILITY = YES_AGGRESSIVE;
				CLANG_WARN_UNREACHABLE_CODE = YES;
				CLANG_WARN__DUPLICATE_METHOD_MATCH = YES;
				COPY_PHASE_STRIP = NO;
				DEBUG_INFORMATION_FORMAT = "dwarf-with-dsym";
				ENABLE_NS_ASSERTIONS = NO;
				ENABLE_STRICT_OBJC_MSGSEND = YES;
				GCC_C_LANGUAGE_STANDARD = gnu11;
				GCC_NO_COMMON_BLOCKS = YES;
				GCC_WARN_64_TO_32_BIT_CONVERSION = YES;
				GCC_WARN_ABOUT_RETURN_TYPE = YES_ERROR;
				GCC_WARN_UNDECLARED_SELECTOR = YES;
				GCC_WARN_UNINITIALIZED_AUTOS = YES_AGGRESSIVE;
				GCC_WARN_UNUSED_FUNCTION = YES;
				GCC_WARN_UNUSED_VARIABLE = YES;
				IPHONEOS_DEPLOYMENT_TARGET = 14.3;
				MTL_ENABLE_DEBUG_INFO = NO;
				MTL_FAST_MATH = YES;
				SDKROOT = iphoneos;
				SWIFT_COMPILATION_MODE = wholemodule;
				SWIFT_OPTIMIZATION_LEVEL = "-O";
				VALIDATE_PRODUCT = YES;
			};
			name = Release;
		};
		E722313425DAF65D00BF8E28 /* Debug */ = {
			isa = XCBuildConfiguration;
			buildSettings = {
				ASSETCATALOG_COMPILER_APPICON_NAME = AppIcon;
				ASSETCATALOG_COMPILER_GLOBAL_ACCENT_COLOR_NAME = AccentColor;
				CODE_SIGN_STYLE = Automatic;
				INFOPLIST_FILE = "AppEventos-SouthSystem/Info.plist";
				LD_RUNPATH_SEARCH_PATHS = (
					"$(inherited)",
					"@executable_path/Frameworks",
				);
				PRODUCT_BUNDLE_IDENTIFIER = "gomesproductions.AppEventos-SouthSystem";
				PRODUCT_NAME = "$(TARGET_NAME)";
				SWIFT_VERSION = 5.0;
				TARGETED_DEVICE_FAMILY = "1,2";
			};
			name = Debug;
		};
		E722313525DAF65D00BF8E28 /* Release */ = {
			isa = XCBuildConfiguration;
			buildSettings = {
				ASSETCATALOG_COMPILER_APPICON_NAME = AppIcon;
				ASSETCATALOG_COMPILER_GLOBAL_ACCENT_COLOR_NAME = AccentColor;
				CODE_SIGN_STYLE = Automatic;
				INFOPLIST_FILE = "AppEventos-SouthSystem/Info.plist";
				LD_RUNPATH_SEARCH_PATHS = (
					"$(inherited)",
					"@executable_path/Frameworks",
				);
				PRODUCT_BUNDLE_IDENTIFIER = "gomesproductions.AppEventos-SouthSystem";
				PRODUCT_NAME = "$(TARGET_NAME)";
				SWIFT_VERSION = 5.0;
				TARGETED_DEVICE_FAMILY = "1,2";
			};
			name = Release;
		};
		E722313725DAF65D00BF8E28 /* Debug */ = {
			isa = XCBuildConfiguration;
			buildSettings = {
				ALWAYS_EMBED_SWIFT_STANDARD_LIBRARIES = YES;
				BUNDLE_LOADER = "$(TEST_HOST)";
				CODE_SIGN_STYLE = Automatic;
				INFOPLIST_FILE = "AppEventos-SouthSystemTests/Info.plist";
				IPHONEOS_DEPLOYMENT_TARGET = 14.3;
				LD_RUNPATH_SEARCH_PATHS = (
					"$(inherited)",
					"@executable_path/Frameworks",
					"@loader_path/Frameworks",
				);
				PRODUCT_BUNDLE_IDENTIFIER = "gomesproductions.AppEventos-SouthSystemTests";
				PRODUCT_NAME = "$(TARGET_NAME)";
				SWIFT_VERSION = 5.0;
				TARGETED_DEVICE_FAMILY = "1,2";
				TEST_HOST = "$(BUILT_PRODUCTS_DIR)/AppEventos-SouthSystem.app/AppEventos-SouthSystem";
			};
			name = Debug;
		};
		E722313825DAF65D00BF8E28 /* Release */ = {
			isa = XCBuildConfiguration;
			buildSettings = {
				ALWAYS_EMBED_SWIFT_STANDARD_LIBRARIES = YES;
				BUNDLE_LOADER = "$(TEST_HOST)";
				CODE_SIGN_STYLE = Automatic;
				INFOPLIST_FILE = "AppEventos-SouthSystemTests/Info.plist";
				IPHONEOS_DEPLOYMENT_TARGET = 14.3;
				LD_RUNPATH_SEARCH_PATHS = (
					"$(inherited)",
					"@executable_path/Frameworks",
					"@loader_path/Frameworks",
				);
				PRODUCT_BUNDLE_IDENTIFIER = "gomesproductions.AppEventos-SouthSystemTests";
				PRODUCT_NAME = "$(TARGET_NAME)";
				SWIFT_VERSION = 5.0;
				TARGETED_DEVICE_FAMILY = "1,2";
				TEST_HOST = "$(BUILT_PRODUCTS_DIR)/AppEventos-SouthSystem.app/AppEventos-SouthSystem";
			};
			name = Release;
		};
		E722313A25DAF65D00BF8E28 /* Debug */ = {
			isa = XCBuildConfiguration;
			buildSettings = {
				ALWAYS_EMBED_SWIFT_STANDARD_LIBRARIES = YES;
				CODE_SIGN_STYLE = Automatic;
				INFOPLIST_FILE = "AppEventos-SouthSystemUITests/Info.plist";
				LD_RUNPATH_SEARCH_PATHS = (
					"$(inherited)",
					"@executable_path/Frameworks",
					"@loader_path/Frameworks",
				);
				PRODUCT_BUNDLE_IDENTIFIER = "gomesproductions.AppEventos-SouthSystemUITests";
				PRODUCT_NAME = "$(TARGET_NAME)";
				SWIFT_VERSION = 5.0;
				TARGETED_DEVICE_FAMILY = "1,2";
				TEST_TARGET_NAME = "AppEventos-SouthSystem";
			};
			name = Debug;
		};
		E722313B25DAF65D00BF8E28 /* Release */ = {
			isa = XCBuildConfiguration;
			buildSettings = {
				ALWAYS_EMBED_SWIFT_STANDARD_LIBRARIES = YES;
				CODE_SIGN_STYLE = Automatic;
				INFOPLIST_FILE = "AppEventos-SouthSystemUITests/Info.plist";
				LD_RUNPATH_SEARCH_PATHS = (
					"$(inherited)",
					"@executable_path/Frameworks",
					"@loader_path/Frameworks",
				);
				PRODUCT_BUNDLE_IDENTIFIER = "gomesproductions.AppEventos-SouthSystemUITests";
				PRODUCT_NAME = "$(TARGET_NAME)";
				SWIFT_VERSION = 5.0;
				TARGETED_DEVICE_FAMILY = "1,2";
				TEST_TARGET_NAME = "AppEventos-SouthSystem";
			};
			name = Release;
		};
/* End XCBuildConfiguration section */

/* Begin XCConfigurationList section */
		E722310125DAF65B00BF8E28 /* Build configuration list for PBXProject "AppEventos-SouthSystem" */ = {
			isa = XCConfigurationList;
			buildConfigurations = (
				E722313125DAF65D00BF8E28 /* Debug */,
				E722313225DAF65D00BF8E28 /* Release */,
			);
			defaultConfigurationIsVisible = 0;
			defaultConfigurationName = Release;
		};
		E722313325DAF65D00BF8E28 /* Build configuration list for PBXNativeTarget "AppEventos-SouthSystem" */ = {
			isa = XCConfigurationList;
			buildConfigurations = (
				E722313425DAF65D00BF8E28 /* Debug */,
				E722313525DAF65D00BF8E28 /* Release */,
			);
			defaultConfigurationIsVisible = 0;
			defaultConfigurationName = Release;
		};
		E722313625DAF65D00BF8E28 /* Build configuration list for PBXNativeTarget "AppEventos-SouthSystemTests" */ = {
			isa = XCConfigurationList;
			buildConfigurations = (
				E722313725DAF65D00BF8E28 /* Debug */,
				E722313825DAF65D00BF8E28 /* Release */,
			);
			defaultConfigurationIsVisible = 0;
			defaultConfigurationName = Release;
		};
		E722313925DAF65D00BF8E28 /* Build configuration list for PBXNativeTarget "AppEventos-SouthSystemUITests" */ = {
			isa = XCConfigurationList;
			buildConfigurations = (
				E722313A25DAF65D00BF8E28 /* Debug */,
				E722313B25DAF65D00BF8E28 /* Release */,
			);
			defaultConfigurationIsVisible = 0;
			defaultConfigurationName = Release;
		};
/* End XCConfigurationList section */

/* Begin XCVersionGroup section */
		E722311225DAF65B00BF8E28 /* AppEventos_SouthSystem.xcdatamodeld */ = {
			isa = XCVersionGroup;
			children = (
				E722311325DAF65B00BF8E28 /* AppEventos_SouthSystem.xcdatamodel */,
			);
			currentVersion = E722311325DAF65B00BF8E28 /* AppEventos_SouthSystem.xcdatamodel */;
			path = AppEventos_SouthSystem.xcdatamodeld;
			sourceTree = "<group>";
			versionGroupType = wrapper.xcdatamodel;
		};
/* End XCVersionGroup section */
	};
	rootObject = E72230FE25DAF65B00BF8E28 /* Project object */;
}
